// !$*UTF8*$!
{
	archiveVersion = 1;
	classes = {
	};
	objectVersion = 48;
	objects = {

/* Begin PBXBuildFile section */
		8197856A22CAA3FA00D500E4 /* AppDelegate.swift in Sources */ = {isa = PBXBuildFile; fileRef = 8197856922CAA3FA00D500E4 /* AppDelegate.swift */; };
		8197856C22CAA3FA00D500E4 /* ViewController.swift in Sources */ = {isa = PBXBuildFile; fileRef = 8197856B22CAA3FA00D500E4 /* ViewController.swift */; };
		8197856F22CAA3FA00D500E4 /* Main.storyboard in Resources */ = {isa = PBXBuildFile; fileRef = 8197856D22CAA3FA00D500E4 /* Main.storyboard */; };
		8197857122CAA3FA00D500E4 /* Assets.xcassets in Resources */ = {isa = PBXBuildFile; fileRef = 8197857022CAA3FA00D500E4 /* Assets.xcassets */; };
		8197857422CAA3FA00D500E4 /* LaunchScreen.storyboard in Resources */ = {isa = PBXBuildFile; fileRef = 8197857222CAA3FA00D500E4 /* LaunchScreen.storyboard */; };
/* End PBXBuildFile section */

/* Begin PBXFileReference section */
		8197856622CAA3FA00D500E4 /* 2_Dices.app */ = {isa = PBXFileReference; explicitFileType = wrapper.application; includeInIndex = 0; path = 2_Dices.app; sourceTree = BUILT_PRODUCTS_DIR; };
		8197856922CAA3FA00D500E4 /* AppDelegate.swift */ = {isa = PBXFileReference; lastKnownFileType = sourcecode.swift; path = AppDelegate.swift; sourceTree = "<group>"; };
		8197856B22CAA3FA00D500E4 /* ViewController.swift */ = {isa = PBXFileReference; lastKnownFileType = sourcecode.swift; path = ViewController.swift; sourceTree = "<group>"; };
		8197856E22CAA3FA00D500E4 /* Base */ = {isa = PBXFileReference; lastKnownFileType = file.storyboard; name = Base; path = Base.lproj/Main.storyboard; sourceTree = "<group>"; };
		8197857022CAA3FA00D500E4 /* Assets.xcassets */ = {isa = PBXFileReference; lastKnownFileType = folder.assetcatalog; path = Assets.xcassets; sourceTree = "<group>"; };
		8197857322CAA3FA00D500E4 /* Base */ = {isa = PBXFileReference; lastKnownFileType = file.storyboard; name = Base; path = Base.lproj/LaunchScreen.storyboard; sourceTree = "<group>"; };
		8197857522CAA3FA00D500E4 /* Info.plist */ = {isa = PBXFileReference; lastKnownFileType = text.plist.xml; path = Info.plist; sourceTree = "<group>"; };
/* End PBXFileReference section */

/* Begin PBXFrameworksBuildPhase section */
		8197856322CAA3FA00D500E4 /* Frameworks */ = {
			isa = PBXFrameworksBuildPhase;
			buildActionMask = 2147483647;
			files = (
			);
			runOnlyForDeploymentPostprocessing = 0;
		};
/* End PBXFrameworksBuildPhase section */

/* Begin PBXGroup section */
		8197855D22CAA3FA00D500E4 = {
			isa = PBXGroup;
			children = (
				8197856822CAA3FA00D500E4 /* 2_Dices */,
				8197856722CAA3FA00D500E4 /* Products */,
			);
			sourceTree = "<group>";
		};
		8197856722CAA3FA00D500E4 /* Products */ = {
			isa = PBXGroup;
			children = (
				8197856622CAA3FA00D500E4 /* 2_Dices.app */,
			);
			name = Products;
			sourceTree = "<group>";
		};
		8197856822CAA3FA00D500E4 /* 2_Dices */ = {
			isa = PBXGroup;
			children = (
				8197856922CAA3FA00D500E4 /* AppDelegate.swift */,
				8197856B22CAA3FA00D500E4 /* ViewController.swift */,
				8197856D22CAA3FA00D500E4 /* Main.storyboard */,
				8197857022CAA3FA00D500E4 /* Assets.xcassets */,
				8197857222CAA3FA00D500E4 /* LaunchScreen.storyboard */,
				8197857522CAA3FA00D500E4 /* Info.plist */,
			);
			path = 2_Dices;
			sourceTree = "<group>";
		};
/* End PBXGroup section */

/* Begin PBXNativeTarget section */
		8197856522CAA3FA00D500E4 /* 2_Dices */ = {
			isa = PBXNativeTarget;
			buildConfigurationList = 8197857822CAA3FA00D500E4 /* Build configuration list for PBXNativeTarget "2_Dices" */;
			buildPhases = (
				8197856222CAA3FA00D500E4 /* Sources */,
				8197856322CAA3FA00D500E4 /* Frameworks */,
				8197856422CAA3FA00D500E4 /* Resources */,
			);
			buildRules = (
			);
			dependencies = (
			);
			name = 2_Dices;
			productName = 2_Dices;
			productReference = 8197856622CAA3FA00D500E4 /* 2_Dices.app */;
			productType = "com.apple.product-type.application";
		};
/* End PBXNativeTarget section */

/* Begin PBXProject section */
		8197855E22CAA3FA00D500E4 /* Project object */ = {
			isa = PBXProject;
			attributes = {
				LastSwiftUpdateCheck = 0910;
				LastUpgradeCheck = 0910;
				ORGANIZATIONNAME = "Liu Chuwei(Personal)";
				TargetAttributes = {
					8197856522CAA3FA00D500E4 = {
						CreatedOnToolsVersion = 9.1;
						ProvisioningStyle = Automatic;
					};
				};
			};
			buildConfigurationList = 8197856122CAA3FA00D500E4 /* Build configuration list for PBXProject "2_Dices" */;
			compatibilityVersion = "Xcode 8.0";
			developmentRegion = en;
			hasScannedForEncodings = 0;
			knownRegions = (
				en,
				Base,
			);
			mainGroup = 8197855D22CAA3FA00D500E4;
			productRefGroup = 8197856722CAA3FA00D500E4 /* Products */;
			projectDirPath = "";
			projectRoot = "";
			targets = (
				8197856522CAA3FA00D500E4 /* 2_Dices */,
			);
		};
/* End PBXProject section */

/* Begin PBXResourcesBuildPhase section */
		8197856422CAA3FA00D500E4 /* Resources */ = {
			isa = PBXResourcesBuildPhase;
			buildActionMask = 2147483647;
			files = (
				8197857422CAA3FA00D500E4 /* LaunchScreen.storyboard in Resources */,
				8197857122CAA3FA00D500E4 /* Assets.xcassets in Resources */,
				8197856F22CAA3FA00D500E4 /* Main.storyboard in Resources */,
			);
			runOnlyForDeploymentPostprocessing = 0;
		};
/* End PBXResourcesBuildPhase section */

/* Begin PBXSourcesBuildPhase section */
		8197856222CAA3FA00D500E4 /* Sources */ = {
			isa = PBXSourcesBuildPhase;
			buildActionMask = 2147483647;
			files = (
				8197856C22CAA3FA00D500E4 /* ViewController.swift in Sources */,
				8197856A22CAA3FA00D500E4 /* AppDelegate.swift in Sources */,
			);
			runOnlyForDeploymentPostprocessing = 0;
		};
/* End PBXSourcesBuildPhase section */

/* Begin PBXVariantGroup section */
		8197856D22CAA3FA00D500E4 /* Main.storyboard */ = {
			isa = PBXVariantGroup;
			children = (
				8197856E22CAA3FA00D500E4 /* Base */,
			);
			name = Main.storyboard;
			sourceTree = "<group>";
		};
		8197857222CAA3FA00D500E4 /* LaunchScreen.storyboard */ = {
			isa = PBXVariantGroup;
			children = (
				8197857322CAA3FA00D500E4 /* Base */,
			);
			name = LaunchScreen.storyboard;
			sourceTree = "<group>";
		};
/* End PBXVariantGroup section */

/* Begin XCBuildConfiguration section */
		8197857622CAA3FA00D500E4 /* Debug */ = {
			isa = XCBuildConfiguration;
			buildSettings = {
				ALWAYS_SEARCH_USER_PATHS = NO;
				CLANG_ANALYZER_NONNULL = YES;
				CLANG_ANALYZER_NUMBER_OBJECT_CONVERSION = YES_AGGRESSIVE;
				CLANG_CXX_LANGUAGE_STANDARD = "gnu++14";
				CLANG_CXX_LIBRARY = "libc++";
				CLANG_ENABLE_MODULES = YES;
				CLANG_ENABLE_OBJC_ARC = YES;
				CLANG_WARN_BLOCK_CAPTURE_AUTORELEASING = YES;
				CLANG_WARN_BOOL_CONVERSION = YES;
				CLANG_WARN_COMMA = YES;
				CLANG_WARN_CONSTANT_CONVERSION = YES;
				CLANG_WARN_DIRECT_OBJC_ISA_USAGE = YES_ERROR;
				CLANG_WARN_DOCUMENTATION_COMMENTS = YES;
				CLANG_WARN_EMPTY_BODY = YES;
				CLANG_WARN_ENUM_CONVERSION = YES;
				CLANG_WARN_INFINITE_RECURSION = YES;
				CLANG_WARN_INT_CONVERSION = YES;
				CLANG_WARN_NON_LITERAL_NULL_CONVERSION = YES;
				CLANG_WARN_OBJC_LITERAL_CONVERSION = YES;
				CLANG_WARN_OBJC_ROOT_CLASS = YES_ERROR;
				CLANG_WARN_RANGE_LOOP_ANALYSIS = YES;
				CLANG_WARN_STRICT_PROTOTYPES = YES;
				CLANG_WARN_SUSPICIOUS_MOVE = YES;
				CLANG_WARN_UNGUARDED_AVAILABILITY = YES_AGGRESSIVE;
				CLANG_WARN_UNREACHABLE_CODE = YES;
				CLANG_WARN__DUPLICATE_METHOD_MATCH = YES;
				CODE_SIGN_IDENTITY = "iPhone Developer";
				COPY_PHASE_STRIP = NO;
				DEBUG_INFORMATION_FORMAT = dwarf;
				ENABLE_STRICT_OBJC_MSGSEND = YES;
				ENABLE_TESTABILITY = YES;
				GCC_C_LANGUAGE_STANDARD = gnu11;
				GCC_DYNAMIC_NO_PIC = NO;
				GCC_NO_COMMON_BLOCKS = YES;
				GCC_OPTIMIZATION_LEVEL = 0;
				GCC_PREPROCESSOR_DEFINITIONS = (
					"DEBUG=1",
					"$(inherited)",
				);
				GCC_WARN_64_TO_32_BIT_CONVERSION = YES;
				GCC_WARN_ABOUT_RETURN_TYPE = YES_ERROR;
				GCC_WARN_UNDECLARED_SELECTOR = YES;
				GCC_WARN_UNINITIALIZED_AUTOS = YES_AGGRESSIVE;
				GCC_WARN_UNUSED_FUNCTION = YES;
				GCC_WARN_UNUSED_VARIABLE = YES;
				IPHONEOS_DEPLOYMENT_TARGET = 11.1;
				MTL_ENABLE_DEBUG_INFO = YES;
				ONLY_ACTIVE_ARCH = YES;
				SDKROOT = iphoneos;
				SWIFT_ACTIVE_COMPILATION_CONDITIONS = DEBUG;
				SWIFT_OPTIMIZATION_LEVEL = "-Onone";
			};
			name = Debug;
		};
		8197857722CAA3FA00D500E4 /* Release */ = {
			isa = XCBuildConfiguration;
			buildSettings = {
				ALWAYS_SEARCH_USER_PATHS = NO;
				CLANG_ANALYZER_NONNULL = YES;
				CLANG_ANALYZER_NUMBER_OBJECT_CONVERSION = YES_AGGRESSIVE;
				CLANG_CXX_LANGUAGE_STANDARD = "gnu++14";
				CLANG_CXX_LIBRARY = "libc++";
				CLANG_ENABLE_MODULES = YES;
				CLANG_ENABLE_OBJC_ARC = YES;
				CLANG_WARN_BLOCK_CAPTURE_AUTORELEASING = YES;
				CLANG_WARN_BOOL_CONVERSION = YES;
				CLANG_WARN_COMMA = YES;
				CLANG_WARN_CONSTANT_CONVERSION = YES;
				CLANG_WARN_DIRECT_OBJC_ISA_USAGE = YES_ERROR;
				CLANG_WARN_DOCUMENTATION_COMMENTS = YES;
				CLANG_WARN_EMPTY_BODY = YES;
				CLANG_WARN_ENUM_CONVERSION = YES;
				CLANG_WARN_INFINITE_RECURSION = YES;
				CLANG_WARN_INT_CONVERSION = YES;
				CLANG_WARN_NON_LITERAL_NULL_CONVERSION = YES;
				CLANG_WARN_OBJC_LITERAL_CONVERSION = YES;
				CLANG_WARN_OBJC_ROOT_CLASS = YES_ERROR;
				CLANG_WARN_RANGE_LOOP_ANALYSIS = YES;
				CLANG_WARN_STRICT_PROTOTYPES = YES;
				CLANG_WARN_SUSPICIOUS_MOVE = YES;
				CLANG_WARN_UNGUARDED_AVAILABILITY = YES_AGGRESSIVE;
				CLANG_WARN_UNREACHABLE_CODE = YES;
				CLANG_WARN__DUPLICATE_METHOD_MATCH = YES;
				CODE_SIGN_IDENTITY = "iPhone Developer";
				COPY_PHASE_STRIP = NO;
				DEBUG_INFORMATION_FORMAT = "dwarf-with-dsym";
				ENABLE_NS_ASSERTIONS = NO;
				ENABLE_STRICT_OBJC_MSGSEND = YES;
				GCC_C_LANGUAGE_STANDARD = gnu11;
				GCC_NO_COMMON_BLOCKS = YES;
				GCC_WARN_64_TO_32_BIT_CONVERSION = YES;
				GCC_WARN_ABOUT_RETURN_TYPE = YES_ERROR;
				GCC_WARN_UNDECLARED_SELECTOR = YES;
				GCC_WARN_UNINITIALIZED_AUTOS = YES_AGGRESSIVE;
				GCC_WARN_UNUSED_FUNCTION = YES;
				GCC_WARN_UNUSED_VARIABLE = YES;
				IPHONEOS_DEPLOYMENT_TARGET = 11.1;
				MTL_ENABLE_DEBUG_INFO = NO;
				SDKROOT = iphoneos;
				SWIFT_OPTIMIZATION_LEVEL = "-Owholemodule";
				VALIDATE_PRODUCT = YES;
			};
			name = Release;
		};
		8197857922CAA3FA00D500E4 /* Debug */ = {
			isa = XCBuildConfiguration;
			buildSettings = {
				ASSETCATALOG_COMPILER_APPICON_NAME = AppIcon;
				CODE_SIGN_STYLE = Automatic;
				INFOPLIST_FILE = 2_Dices/Info.plist;
				LD_RUNPATH_SEARCH_PATHS = "$(inherited) @executable_path/Frameworks";
				PRODUCT_BUNDLE_IDENTIFIER = "com.chuyaudio.--Dices";
				PRODUCT_NAME = "$(TARGET_NAME)";
				SWIFT_VERSION = 4.0;
				TARGETED_DEVICE_FAMILY = "1,2";
			};
			name = Debug;
		};
		8197857A22CAA3FA00D500E4 /* Release */ = {
			isa = XCBuildConfiguration;
			buildSettings = {
				ASSETCATALOG_COMPILER_APPICON_NAME = AppIcon;
				CODE_SIGN_STYLE = Automatic;
				INFOPLIST_FILE = 2_Dices/Info.plist;
				LD_RUNPATH_SEARCH_PATHS = "$(inherited) @executable_path/Frameworks";
				PRODUCT_BUNDLE_IDENTIFIER = "com.chuyaudio.--Dices";
				PRODUCT_NAME = "$(TARGET_NAME)";
				SWIFT_VERSION = 4.0;
				TARGETED_DEVICE_FAMILY = "1,2";
			};
			name = Release;
		};
/* End XCBuildConfiguration section */

/* Begin XCConfigurationList section */
		8197856122CAA3FA00D500E4 /* Build configuration list for PBXProject "2_Dices" */ = {
			isa = XCConfigurationList;
			buildConfigurations = (
				8197857622CAA3FA00D500E4 /* Debug */,
				8197857722CAA3FA00D500E4 /* Release */,
			);
			defaultConfigurationIsVisible = 0;
			defaultConfigurationName = Release;
		};
		8197857822CAA3FA00D500E4 /* Build configuration list for PBXNativeTarget "2_Dices" */ = {
			isa = XCConfigurationList;
			buildConfigurations = (
				8197857922CAA3FA00D500E4 /* Debug */,
				8197857A22CAA3FA00D500E4 /* Release */,
			);
			defaultConfigurationIsVisible = 0;
			defaultConfigurationName = Release;
		};
/* End XCConfigurationList section */
	};
	rootObject = 8197855E22CAA3FA00D500E4 /* Project object */;
}
